
Microsoft Visual Studio Solution File, Format Version 12.00
# Visual Studio Version 16
VisualStudioVersion = 16.0.29306.81
MinimumVisualStudioVersion = 10.0.40219.1
Project("{9A19103F-16F7-4668-BE54-9A1E7A4F7556}") = "Galaxy", "src\Galaxy\Galaxy.csproj", "{A20B7D70-08DE-4598-BD5D-DBC014E115C3}"
EndProject
Global
	GlobalSection(SolutionConfigurationPlatforms) = preSolution
		Debug|Any CPU = Debug|Any CPU
		Release|Any CPU = Release|Any CPU
	EndGlobalSection
	GlobalSection(ProjectConfigurationPlatforms) = postSolution
		{A20B7D70-08DE-4598-BD5D-DBC014E115C3}.Debug|Any CPU.ActiveCfg = Debug|Any CPU
		{A20B7D70-08DE-4598-BD5D-DBC014E115C3}.Debug|Any CPU.Build.0 = Debug|Any CPU
		{A20B7D70-08DE-4598-BD5D-DBC014E115C3}.Release|Any CPU.ActiveCfg = Release|Any CPU
		{A20B7D70-08DE-4598-BD5D-DBC014E115C3}.Release|Any CPU.Build.0 = Release|Any CPU
	EndGlobalSection
	GlobalSection(SolutionProperties) = preSolution
		HideSolutionNode = FALSE
	EndGlobalSection
	GlobalSection(ExtensibilityGlobals) = postSolution
		SolutionGuid = {78D29A59-B807-4EC7-9051-456871CE2F25}
	EndGlobalSection
EndGlobal
